
Microsoft Visual Studio Solution File, Format Version 12.00
# Visual Studio 14
VisualStudioVersion = 14.0.23107.0
MinimumVisualStudioVersion = 10.0.40219.1
Project("{E24C65DC-7377-472B-9ABA-BC803B73C61A}") = "Project", "..\", "{1CB7C799-8BB4-4E9F-97C2-56AC4039F014}"
	ProjectSection(WebsiteProperties) = preProject
		TargetFrameworkMoniker = ".NETFramework,Version%3Dv4.5.2"
		Debug.AspNetCompiler.VirtualPath = "/localhost_61579"
		Debug.AspNetCompiler.PhysicalPath = "D:\Project\ECommerce Blind\Project\"
		Debug.AspNetCompiler.TargetPath = "PrecompiledWeb\localhost_61579\"
		Debug.AspNetCompiler.Updateable = "true"
		Debug.AspNetCompiler.ForceOverwrite = "true"
		Debug.AspNetCompiler.FixedNames = "false"
		Debug.AspNetCompiler.Debug = "True"
		Release.AspNetCompiler.VirtualPath = "/localhost_61579"
		Release.AspNetCompiler.PhysicalPath = "D:\Project\ECommerce Blind\Project\"
		Release.AspNetCompiler.TargetPath = "PrecompiledWeb\localhost_61579\"
		Release.AspNetCompiler.Updateable = "true"
		Release.AspNetCompiler.ForceOverwrite = "true"
		Release.AspNetCompiler.FixedNames = "false"
		Release.AspNetCompiler.Debug = "False"
		VWDPort = "61579"
	EndProjectSection
EndProject
Global
	GlobalSection(SolutionConfigurationPlatforms) = preSolution
		Debug|Any CPU = Debug|Any CPU
	EndGlobalSection
	GlobalSection(ProjectConfigurationPlatforms) = postSolution
		{1CB7C799-8BB4-4E9F-97C2-56AC4039F014}.Debug|Any CPU.ActiveCfg = Debug|Any CPU
		{1CB7C799-8BB4-4E9F-97C2-56AC4039F014}.Debug|Any CPU.Build.0 = Debug|Any CPU
	EndGlobalSection
	GlobalSection(SolutionProperties) = preSolution
		HideSolutionNode = FALSE
	EndGlobalSection
EndGlobal
