
Microsoft Visual Studio Solution File, Format Version 12.00
# Visual Studio Version 17
VisualStudioVersion = 17.13.35931.197 d17.13
MinimumVisualStudioVersion = 10.0.40219.1
Project("{E24C65DC-7377-472B-9ABA-BC803B73C61A}") = "Project", "Project\", "{FA6225D9-B4AE-4F0D-8EDE-B79C8C5E7225}"
	ProjectSection(WebsiteProperties) = preProject
		TargetFrameworkMoniker = ".NETFramework,Version%3Dv4.8"
		Debug.AspNetCompiler.VirtualPath = "/localhost_54711"
		Debug.AspNetCompiler.PhysicalPath = "Project\"
		Debug.AspNetCompiler.TargetPath = "PrecompiledWeb\localhost_54711\"
		Debug.AspNetCompiler.Updateable = "true"
		Debug.AspNetCompiler.ForceOverwrite = "true"
		Debug.AspNetCompiler.FixedNames = "false"
		Debug.AspNetCompiler.Debug = "True"
		Release.AspNetCompiler.VirtualPath = "/localhost_54711"
		Release.AspNetCompiler.PhysicalPath = "Project\"
		Release.AspNetCompiler.TargetPath = "PrecompiledWeb\localhost_54711\"
		Release.AspNetCompiler.Updateable = "true"
		Release.AspNetCompiler.ForceOverwrite = "true"
		Release.AspNetCompiler.FixedNames = "false"
		Release.AspNetCompiler.Debug = "False"
		VWDPort = "54711"
		SlnRelativePath = "Project\"
	EndProjectSection
EndProject
Global
	GlobalSection(SolutionConfigurationPlatforms) = preSolution
		Debug|Any CPU = Debug|Any CPU
	EndGlobalSection
	GlobalSection(ProjectConfigurationPlatforms) = postSolution
		{FA6225D9-B4AE-4F0D-8EDE-B79C8C5E7225}.Debug|Any CPU.ActiveCfg = Debug|Any CPU
		{FA6225D9-B4AE-4F0D-8EDE-B79C8C5E7225}.Debug|Any CPU.Build.0 = Debug|Any CPU
	EndGlobalSection
	GlobalSection(SolutionProperties) = preSolution
		HideSolutionNode = FALSE
	EndGlobalSection
	GlobalSection(ExtensibilityGlobals) = postSolution
		SolutionGuid = {310B5DAE-6457-46DF-8307-63F3816322C0}
	EndGlobalSection
EndGlobal
